
Microsoft Visual Studio Solution File, Format Version 12.00
# Visual Studio 14
VisualStudioVersion = 14.0.25420.1
MinimumVisualStudioVersion = 10.0.40219.1
Project("{FAE04EC0-301F-11D3-BF4B-00C04F79EFBC}") = "PDIWT_MS", "PDIWT_MS\PDIWT_MS.csproj", "{6B073612-7FDC-4F27-A3E3-0486BCE1D32D}"
EndProject
Project("{FAE04EC0-301F-11D3-BF4B-00C04F79EFBC}") = "WpfTest", "WpfTest\WpfTest.csproj", "{28B07C7C-ABE6-43A0-868E-CB63A0F172EB}"
EndProject
Project("{FAE04EC0-301F-11D3-BF4B-00C04F79EFBC}") = "TestDev", "DXApplication1\TestDev\TestDev.csproj", "{3550CBC5-D9E3-4E62-907E-43E7F7F80208}"
EndProject
Project("{FAE04EC0-301F-11D3-BF4B-00C04F79EFBC}") = "PDIWT_MS_CZ", "PDIWT_MS_CZ\PDIWT_MS_CZ.csproj", "{9449DDCE-4DD8-4F24-B6D8-31434E15CDFA}"
EndProject
Project("{FAE04EC0-301F-11D3-BF4B-00C04F79EFBC}") = "PDIWT_MS_ZJCZL", "PDIWT_MS_ZJCZL\PDIWT_MS_ZJCZL.csproj", "{3039EBD5-B5D0-445E-BEA3-8ACB021A95AE}"
EndProject
Global
	GlobalSection(SolutionConfigurationPlatforms) = preSolution
		Debug|Any CPU = Debug|Any CPU
		Debug|x64 = Debug|x64
		Release|Any CPU = Release|Any CPU
		Release|x64 = Release|x64
	EndGlobalSection
	GlobalSection(ProjectConfigurationPlatforms) = postSolution
		{6B073612-7FDC-4F27-A3E3-0486BCE1D32D}.Debug|Any CPU.ActiveCfg = Debug|Any CPU
		{6B073612-7FDC-4F27-A3E3-0486BCE1D32D}.Debug|Any CPU.Build.0 = Debug|Any CPU
		{6B073612-7FDC-4F27-A3E3-0486BCE1D32D}.Debug|x64.ActiveCfg = Debug|x64
		{6B073612-7FDC-4F27-A3E3-0486BCE1D32D}.Debug|x64.Build.0 = Debug|x64
		{6B073612-7FDC-4F27-A3E3-0486BCE1D32D}.Release|Any CPU.ActiveCfg = Release|Any CPU
		{6B073612-7FDC-4F27-A3E3-0486BCE1D32D}.Release|Any CPU.Build.0 = Release|Any CPU
		{6B073612-7FDC-4F27-A3E3-0486BCE1D32D}.Release|x64.ActiveCfg = Release|x64
		{6B073612-7FDC-4F27-A3E3-0486BCE1D32D}.Release|x64.Build.0 = Release|x64
		{28B07C7C-ABE6-43A0-868E-CB63A0F172EB}.Debug|Any CPU.ActiveCfg = Debug|Any CPU
		{28B07C7C-ABE6-43A0-868E-CB63A0F172EB}.Debug|Any CPU.Build.0 = Debug|Any CPU
		{28B07C7C-ABE6-43A0-868E-CB63A0F172EB}.Debug|x64.ActiveCfg = Debug|Any CPU
		{28B07C7C-ABE6-43A0-868E-CB63A0F172EB}.Debug|x64.Build.0 = Debug|Any CPU
		{28B07C7C-ABE6-43A0-868E-CB63A0F172EB}.Release|Any CPU.ActiveCfg = Release|Any CPU
		{28B07C7C-ABE6-43A0-868E-CB63A0F172EB}.Release|Any CPU.Build.0 = Release|Any CPU
		{28B07C7C-ABE6-43A0-868E-CB63A0F172EB}.Release|x64.ActiveCfg = Release|Any CPU
		{28B07C7C-ABE6-43A0-868E-CB63A0F172EB}.Release|x64.Build.0 = Release|Any CPU
		{3550CBC5-D9E3-4E62-907E-43E7F7F80208}.Debug|Any CPU.ActiveCfg = Debug|Any CPU
		{3550CBC5-D9E3-4E62-907E-43E7F7F80208}.Debug|Any CPU.Build.0 = Debug|Any CPU
		{3550CBC5-D9E3-4E62-907E-43E7F7F80208}.Debug|x64.ActiveCfg = Debug|Any CPU
		{3550CBC5-D9E3-4E62-907E-43E7F7F80208}.Debug|x64.Build.0 = Debug|Any CPU
		{3550CBC5-D9E3-4E62-907E-43E7F7F80208}.Release|Any CPU.ActiveCfg = Release|Any CPU
		{3550CBC5-D9E3-4E62-907E-43E7F7F80208}.Release|Any CPU.Build.0 = Release|Any CPU
		{3550CBC5-D9E3-4E62-907E-43E7F7F80208}.Release|x64.ActiveCfg = Release|Any CPU
		{3550CBC5-D9E3-4E62-907E-43E7F7F80208}.Release|x64.Build.0 = Release|Any CPU
		{9449DDCE-4DD8-4F24-B6D8-31434E15CDFA}.Debug|Any CPU.ActiveCfg = Debug|Any CPU
		{9449DDCE-4DD8-4F24-B6D8-31434E15CDFA}.Debug|Any CPU.Build.0 = Debug|Any CPU
		{9449DDCE-4DD8-4F24-B6D8-31434E15CDFA}.Debug|x64.ActiveCfg = Debug|Any CPU
		{9449DDCE-4DD8-4F24-B6D8-31434E15CDFA}.Debug|x64.Build.0 = Debug|Any CPU
		{9449DDCE-4DD8-4F24-B6D8-31434E15CDFA}.Release|Any CPU.ActiveCfg = Release|Any CPU
		{9449DDCE-4DD8-4F24-B6D8-31434E15CDFA}.Release|Any CPU.Build.0 = Release|Any CPU
		{9449DDCE-4DD8-4F24-B6D8-31434E15CDFA}.Release|x64.ActiveCfg = Release|Any CPU
		{9449DDCE-4DD8-4F24-B6D8-31434E15CDFA}.Release|x64.Build.0 = Release|Any CPU
		{3039EBD5-B5D0-445E-BEA3-8ACB021A95AE}.Debug|Any CPU.ActiveCfg = Debug|Any CPU
		{3039EBD5-B5D0-445E-BEA3-8ACB021A95AE}.Debug|Any CPU.Build.0 = Debug|Any CPU
		{3039EBD5-B5D0-445E-BEA3-8ACB021A95AE}.Debug|x64.ActiveCfg = Debug|Any CPU
		{3039EBD5-B5D0-445E-BEA3-8ACB021A95AE}.Debug|x64.Build.0 = Debug|Any CPU
		{3039EBD5-B5D0-445E-BEA3-8ACB021A95AE}.Release|Any CPU.ActiveCfg = Release|Any CPU
		{3039EBD5-B5D0-445E-BEA3-8ACB021A95AE}.Release|Any CPU.Build.0 = Release|Any CPU
		{3039EBD5-B5D0-445E-BEA3-8ACB021A95AE}.Release|x64.ActiveCfg = Release|Any CPU
		{3039EBD5-B5D0-445E-BEA3-8ACB021A95AE}.Release|x64.Build.0 = Release|Any CPU
	EndGlobalSection
	GlobalSection(SolutionProperties) = preSolution
		HideSolutionNode = FALSE
	EndGlobalSection
EndGlobal
