
Microsoft Visual Studio Solution File, Format Version 12.00
# Visual Studio 14
VisualStudioVersion = 14.0.25420.1
MinimumVisualStudioVersion = 10.0.40219.1
Project("{FAE04EC0-301F-11D3-BF4B-00C04F79EFBC}") = "PDIWT_MS", "PDIWT_MS\PDIWT_MS.csproj", "{6B073612-7FDC-4F27-A3E3-0486BCE1D32D}"
EndProject
Project("{FAE04EC0-301F-11D3-BF4B-00C04F79EFBC}") = "WpfTest", "WpfTest\WpfTest.csproj", "{28B07C7C-ABE6-43A0-868E-CB63A0F172EB}"
EndProject
Global
	GlobalSection(SolutionConfigurationPlatforms) = preSolution
		Debug|Any CPU = Debug|Any CPU
		Release|Any CPU = Release|Any CPU
	EndGlobalSection
	GlobalSection(ProjectConfigurationPlatforms) = postSolution
		{6B073612-7FDC-4F27-A3E3-0486BCE1D32D}.Debug|Any CPU.ActiveCfg = Debug|Any CPU
		{6B073612-7FDC-4F27-A3E3-0486BCE1D32D}.Debug|Any CPU.Build.0 = Debug|Any CPU
		{6B073612-7FDC-4F27-A3E3-0486BCE1D32D}.Release|Any CPU.ActiveCfg = Release|Any CPU
		{6B073612-7FDC-4F27-A3E3-0486BCE1D32D}.Release|Any CPU.Build.0 = Release|Any CPU
		{28B07C7C-ABE6-43A0-868E-CB63A0F172EB}.Debug|Any CPU.ActiveCfg = Debug|Any CPU
		{28B07C7C-ABE6-43A0-868E-CB63A0F172EB}.Debug|Any CPU.Build.0 = Debug|Any CPU
		{28B07C7C-ABE6-43A0-868E-CB63A0F172EB}.Release|Any CPU.ActiveCfg = Release|Any CPU
		{28B07C7C-ABE6-43A0-868E-CB63A0F172EB}.Release|Any CPU.Build.0 = Release|Any CPU
	EndGlobalSection
	GlobalSection(SolutionProperties) = preSolution
		HideSolutionNode = FALSE
	EndGlobalSection
EndGlobal
