
Microsoft Visual Studio Solution File, Format Version 12.00
# Visual Studio 14
VisualStudioVersion = 14.0.25420.1
MinimumVisualStudioVersion = 10.0.40219.1
Project("{FAE04EC0-301F-11D3-BF4B-00C04F79EFBC}") = "MDLTemplateGenerator", "MDLTemplateGenerator\MDLTemplateGenerator.csproj", "{59633983-6799-4528-9CAC-75293BFB0AAB}"
EndProject
Global
	GlobalSection(SolutionConfigurationPlatforms) = preSolution
		Debug|Any CPU = Debug|Any CPU
		Debug|x64 = Debug|x64
		Debug|x86 = Debug|x86
		Release|Any CPU = Release|Any CPU
		Release|x64 = Release|x64
		Release|x86 = Release|x86
	EndGlobalSection
	GlobalSection(ProjectConfigurationPlatforms) = postSolution
		{59633983-6799-4528-9CAC-75293BFB0AAB}.Debug|Any CPU.ActiveCfg = Debug|Any CPU
		{59633983-6799-4528-9CAC-75293BFB0AAB}.Debug|Any CPU.Build.0 = Debug|Any CPU
		{59633983-6799-4528-9CAC-75293BFB0AAB}.Debug|x64.ActiveCfg = Debug|Any CPU
		{59633983-6799-4528-9CAC-75293BFB0AAB}.Debug|x64.Build.0 = Debug|Any CPU
		{59633983-6799-4528-9CAC-75293BFB0AAB}.Debug|x86.ActiveCfg = Debug|Any CPU
		{59633983-6799-4528-9CAC-75293BFB0AAB}.Debug|x86.Build.0 = Debug|Any CPU
		{59633983-6799-4528-9CAC-75293BFB0AAB}.Release|Any CPU.ActiveCfg = Release|Any CPU
		{59633983-6799-4528-9CAC-75293BFB0AAB}.Release|Any CPU.Build.0 = Release|Any CPU
		{59633983-6799-4528-9CAC-75293BFB0AAB}.Release|x64.ActiveCfg = Release|Any CPU
		{59633983-6799-4528-9CAC-75293BFB0AAB}.Release|x64.Build.0 = Release|Any CPU
		{59633983-6799-4528-9CAC-75293BFB0AAB}.Release|x86.ActiveCfg = Release|Any CPU
		{59633983-6799-4528-9CAC-75293BFB0AAB}.Release|x86.Build.0 = Release|Any CPU
	EndGlobalSection
	GlobalSection(SolutionProperties) = preSolution
		HideSolutionNode = FALSE
	EndGlobalSection
	GlobalSection(ExtensibilityGlobals) = postSolution
		SolutionGuid = {6B6325E5-5846-4A78-88D9-E2561A55F6BB}
	EndGlobalSection
EndGlobal
