
Microsoft Visual Studio Solution File, Format Version 12.00
# Visual Studio 14
VisualStudioVersion = 14.0.25420.1
MinimumVisualStudioVersion = 10.0.40219.1
Project("{FAE04EC0-301F-11D3-BF4B-00C04F79EFBC}") = "DEV_Install", "Install\DEV_Install.csproj", "{C4A6CA4A-7ECE-4F72-BC19-E08CD15031C6}"
EndProject
Project("{FAE04EC0-301F-11D3-BF4B-00C04F79EFBC}") = "PDIWT_StartUp", "PDIWT_StartUp\PDIWT_StartUp.csproj", "{6CF657EA-2126-4ACC-86D0-E739F857B80F}"
EndProject
Project("{FAE04EC0-301F-11D3-BF4B-00C04F79EFBC}") = "PDIWT_Encrypt", "PDIWT_Encrypt\PDIWT_Encrypt.csproj", "{06E062D4-9187-4ADA-A7B9-5BC3576006BD}"
EndProject
Project("{FAE04EC0-301F-11D3-BF4B-00C04F79EFBC}") = "PDIWT_Activation", "PDIWT_Activation\PDIWT_Activation.csproj", "{2734D93A-DAE5-40B1-9971-45C6629722CF}"
EndProject
Project("{FAE04EC0-301F-11D3-BF4B-00C04F79EFBC}") = "PDIWT_GenerateActivateKey", "PDIWT_GenerateActivateKey\PDIWT_GenerateActivateKey.csproj", "{3E4C43C0-BC82-4706-AE59-51D8F9B020F1}"
EndProject
Global
	GlobalSection(SolutionConfigurationPlatforms) = preSolution
		Debug|Any CPU = Debug|Any CPU
		Debug|x64 = Debug|x64
		Release|Any CPU = Release|Any CPU
		Release|x64 = Release|x64
	EndGlobalSection
	GlobalSection(ProjectConfigurationPlatforms) = postSolution
		{C4A6CA4A-7ECE-4F72-BC19-E08CD15031C6}.Debug|Any CPU.ActiveCfg = Debug|Any CPU
		{C4A6CA4A-7ECE-4F72-BC19-E08CD15031C6}.Debug|Any CPU.Build.0 = Debug|Any CPU
		{C4A6CA4A-7ECE-4F72-BC19-E08CD15031C6}.Debug|x64.ActiveCfg = Debug|x64
		{C4A6CA4A-7ECE-4F72-BC19-E08CD15031C6}.Debug|x64.Build.0 = Debug|x64
		{C4A6CA4A-7ECE-4F72-BC19-E08CD15031C6}.Release|Any CPU.ActiveCfg = Release|Any CPU
		{C4A6CA4A-7ECE-4F72-BC19-E08CD15031C6}.Release|Any CPU.Build.0 = Release|Any CPU
		{C4A6CA4A-7ECE-4F72-BC19-E08CD15031C6}.Release|x64.ActiveCfg = Release|x64
		{C4A6CA4A-7ECE-4F72-BC19-E08CD15031C6}.Release|x64.Build.0 = Release|x64
		{6CF657EA-2126-4ACC-86D0-E739F857B80F}.Debug|Any CPU.ActiveCfg = Debug|Any CPU
		{6CF657EA-2126-4ACC-86D0-E739F857B80F}.Debug|Any CPU.Build.0 = Debug|Any CPU
		{6CF657EA-2126-4ACC-86D0-E739F857B80F}.Debug|x64.ActiveCfg = Debug|Any CPU
		{6CF657EA-2126-4ACC-86D0-E739F857B80F}.Debug|x64.Build.0 = Debug|Any CPU
		{6CF657EA-2126-4ACC-86D0-E739F857B80F}.Release|Any CPU.ActiveCfg = Release|Any CPU
		{6CF657EA-2126-4ACC-86D0-E739F857B80F}.Release|Any CPU.Build.0 = Release|Any CPU
		{6CF657EA-2126-4ACC-86D0-E739F857B80F}.Release|x64.ActiveCfg = Release|Any CPU
		{6CF657EA-2126-4ACC-86D0-E739F857B80F}.Release|x64.Build.0 = Release|Any CPU
		{06E062D4-9187-4ADA-A7B9-5BC3576006BD}.Debug|Any CPU.ActiveCfg = Debug|Any CPU
		{06E062D4-9187-4ADA-A7B9-5BC3576006BD}.Debug|Any CPU.Build.0 = Debug|Any CPU
		{06E062D4-9187-4ADA-A7B9-5BC3576006BD}.Debug|x64.ActiveCfg = Debug|Any CPU
		{06E062D4-9187-4ADA-A7B9-5BC3576006BD}.Debug|x64.Build.0 = Debug|Any CPU
		{06E062D4-9187-4ADA-A7B9-5BC3576006BD}.Release|Any CPU.ActiveCfg = Release|Any CPU
		{06E062D4-9187-4ADA-A7B9-5BC3576006BD}.Release|Any CPU.Build.0 = Release|Any CPU
		{06E062D4-9187-4ADA-A7B9-5BC3576006BD}.Release|x64.ActiveCfg = Release|Any CPU
		{06E062D4-9187-4ADA-A7B9-5BC3576006BD}.Release|x64.Build.0 = Release|Any CPU
		{2734D93A-DAE5-40B1-9971-45C6629722CF}.Debug|Any CPU.ActiveCfg = Debug|Any CPU
		{2734D93A-DAE5-40B1-9971-45C6629722CF}.Debug|Any CPU.Build.0 = Debug|Any CPU
		{2734D93A-DAE5-40B1-9971-45C6629722CF}.Debug|x64.ActiveCfg = Debug|Any CPU
		{2734D93A-DAE5-40B1-9971-45C6629722CF}.Debug|x64.Build.0 = Debug|Any CPU
		{2734D93A-DAE5-40B1-9971-45C6629722CF}.Release|Any CPU.ActiveCfg = Release|Any CPU
		{2734D93A-DAE5-40B1-9971-45C6629722CF}.Release|Any CPU.Build.0 = Release|Any CPU
		{2734D93A-DAE5-40B1-9971-45C6629722CF}.Release|x64.ActiveCfg = Release|Any CPU
		{2734D93A-DAE5-40B1-9971-45C6629722CF}.Release|x64.Build.0 = Release|Any CPU
		{3E4C43C0-BC82-4706-AE59-51D8F9B020F1}.Debug|Any CPU.ActiveCfg = Debug|Any CPU
		{3E4C43C0-BC82-4706-AE59-51D8F9B020F1}.Debug|Any CPU.Build.0 = Debug|Any CPU
		{3E4C43C0-BC82-4706-AE59-51D8F9B020F1}.Debug|x64.ActiveCfg = Debug|Any CPU
		{3E4C43C0-BC82-4706-AE59-51D8F9B020F1}.Debug|x64.Build.0 = Debug|Any CPU
		{3E4C43C0-BC82-4706-AE59-51D8F9B020F1}.Release|Any CPU.ActiveCfg = Release|Any CPU
		{3E4C43C0-BC82-4706-AE59-51D8F9B020F1}.Release|Any CPU.Build.0 = Release|Any CPU
		{3E4C43C0-BC82-4706-AE59-51D8F9B020F1}.Release|x64.ActiveCfg = Release|Any CPU
		{3E4C43C0-BC82-4706-AE59-51D8F9B020F1}.Release|x64.Build.0 = Release|Any CPU
	EndGlobalSection
	GlobalSection(SolutionProperties) = preSolution
		HideSolutionNode = FALSE
	EndGlobalSection
	GlobalSection(ExtensibilityGlobals) = postSolution
		SolutionGuid = {4DBA4CA0-C6EB-49C7-8B13-7911A28A41C1}
	EndGlobalSection
EndGlobal
